
Microsoft Visual Studio Solution File, Format Version 12.00
# Visual Studio Version 16
VisualStudioVersion = 16.0.28803.202
MinimumVisualStudioVersion = 10.0.40219.1
Project("{9A19103F-16F7-4668-BE54-9A1E7A4F7556}") = "Cryptography.X509Certificates.Extension", "src\Cryptography.X509Certificates.Extension\Cryptography.X509Certificates.Extension.csproj", "{D40DFD43-B986-47CC-8013-BDACB4238A2F}"
EndProject
Global
	GlobalSection(SolutionConfigurationPlatforms) = preSolution
		Debug|Any CPU = Debug|Any CPU
		Release|Any CPU = Release|Any CPU
	EndGlobalSection
	GlobalSection(ProjectConfigurationPlatforms) = postSolution
		{D40DFD43-B986-47CC-8013-BDACB4238A2F}.Debug|Any CPU.ActiveCfg = Debug|Any CPU
		{D40DFD43-B986-47CC-8013-BDACB4238A2F}.Debug|Any CPU.Build.0 = Debug|Any CPU
		{D40DFD43-B986-47CC-8013-BDACB4238A2F}.Release|Any CPU.ActiveCfg = Release|Any CPU
		{D40DFD43-B986-47CC-8013-BDACB4238A2F}.Release|Any CPU.Build.0 = Release|Any CPU
	EndGlobalSection
	GlobalSection(SolutionProperties) = preSolution
		HideSolutionNode = FALSE
	EndGlobalSection
	GlobalSection(ExtensibilityGlobals) = postSolution
		SolutionGuid = {39B45A43-A775-4142-B928-C6BC604E0080}
	EndGlobalSection
EndGlobal
