
Microsoft Visual Studio Solution File, Format Version 12.00
# Visual Studio Version 16
VisualStudioVersion = 16.0.28803.202
MinimumVisualStudioVersion = 10.0.40219.1
Project("{9A19103F-16F7-4668-BE54-9A1E7A4F7556}") = "Cryptography.X509Certificates.Extension", "src\Cryptography.X509Certificates.Extension\Cryptography.X509Certificates.Extension.csproj", "{D40DFD43-B986-47CC-8013-BDACB4238A2F}"
EndProject
Project("{2150E333-8FDC-42A3-9474-1A3956D46DE8}") = "Solution Items", "Solution Items", "{91BE8995-793D-478F-9F92-D5B75F7ECCD8}"
	ProjectSection(SolutionItems) = preProject
		README.md = README.md
	EndProjectSection
EndProject
Project("{FAE04EC0-301F-11D3-BF4B-00C04F79EFBC}") = "ConsoleApp", "src\ConsoleApp\ConsoleApp.csproj", "{B9A7BD5C-8F42-4C7E-BCBB-E5D2073FB417}"
EndProject
Global
	GlobalSection(SolutionConfigurationPlatforms) = preSolution
		Debug|Any CPU = Debug|Any CPU
		Release|Any CPU = Release|Any CPU
	EndGlobalSection
	GlobalSection(ProjectConfigurationPlatforms) = postSolution
		{D40DFD43-B986-47CC-8013-BDACB4238A2F}.Debug|Any CPU.ActiveCfg = Debug|Any CPU
		{D40DFD43-B986-47CC-8013-BDACB4238A2F}.Debug|Any CPU.Build.0 = Debug|Any CPU
		{D40DFD43-B986-47CC-8013-BDACB4238A2F}.Release|Any CPU.ActiveCfg = Release|Any CPU
		{D40DFD43-B986-47CC-8013-BDACB4238A2F}.Release|Any CPU.Build.0 = Release|Any CPU
		{B9A7BD5C-8F42-4C7E-BCBB-E5D2073FB417}.Debug|Any CPU.ActiveCfg = Debug|Any CPU
		{B9A7BD5C-8F42-4C7E-BCBB-E5D2073FB417}.Debug|Any CPU.Build.0 = Debug|Any CPU
		{B9A7BD5C-8F42-4C7E-BCBB-E5D2073FB417}.Release|Any CPU.ActiveCfg = Release|Any CPU
		{B9A7BD5C-8F42-4C7E-BCBB-E5D2073FB417}.Release|Any CPU.Build.0 = Release|Any CPU
	EndGlobalSection
	GlobalSection(SolutionProperties) = preSolution
		HideSolutionNode = FALSE
	EndGlobalSection
	GlobalSection(ExtensibilityGlobals) = postSolution
		SolutionGuid = {39B45A43-A775-4142-B928-C6BC604E0080}
	EndGlobalSection
EndGlobal
